
Microsoft Visual Studio Solution File, Format Version 12.00
# Visual Studio Version 16
VisualStudioVersion = 16.0.30114.105
MinimumVisualStudioVersion = 10.0.40219.1
Project("{2150E333-8FDC-42A3-9474-1A3956D46DE8}") = "src", "src", "{6443C4C4-182D-4FAD-B680-6F36A01A32C1}"
EndProject
Project("{FAE04EC0-301F-11D3-BF4B-00C04F79EFBC}") = "SimpleAPI", "src\SimpleAPI\SimpleAPI.csproj", "{1698C8A1-04FC-4B26-B45B-99AEE08211A1}"
EndProject
Project("{2150E333-8FDC-42A3-9474-1A3956D46DE8}") = "test", "test", "{C82C79E9-27EC-446D-AB02-3D2F10CD75E2}"
EndProject
Project("{FAE04EC0-301F-11D3-BF4B-00C04F79EFBC}") = "SimpleAPI.Tests", "test\SimpleAPI.Tests\SimpleAPI.Tests.csproj", "{A197F41F-37A3-4AE2-9264-9A232F0C59BC}"
EndProject
Global
	GlobalSection(SolutionConfigurationPlatforms) = preSolution
		Debug|Any CPU = Debug|Any CPU
		Release|Any CPU = Release|Any CPU
	EndGlobalSection
	GlobalSection(SolutionProperties) = preSolution
		HideSolutionNode = FALSE
	EndGlobalSection
	GlobalSection(ProjectConfigurationPlatforms) = postSolution
		{1698C8A1-04FC-4B26-B45B-99AEE08211A1}.Debug|Any CPU.ActiveCfg = Debug|Any CPU
		{1698C8A1-04FC-4B26-B45B-99AEE08211A1}.Debug|Any CPU.Build.0 = Debug|Any CPU
		{1698C8A1-04FC-4B26-B45B-99AEE08211A1}.Release|Any CPU.ActiveCfg = Release|Any CPU
		{1698C8A1-04FC-4B26-B45B-99AEE08211A1}.Release|Any CPU.Build.0 = Release|Any CPU
		{A197F41F-37A3-4AE2-9264-9A232F0C59BC}.Debug|Any CPU.ActiveCfg = Debug|Any CPU
		{A197F41F-37A3-4AE2-9264-9A232F0C59BC}.Debug|Any CPU.Build.0 = Debug|Any CPU
		{A197F41F-37A3-4AE2-9264-9A232F0C59BC}.Release|Any CPU.ActiveCfg = Release|Any CPU
		{A197F41F-37A3-4AE2-9264-9A232F0C59BC}.Release|Any CPU.Build.0 = Release|Any CPU
	EndGlobalSection
	GlobalSection(NestedProjects) = preSolution
		{1698C8A1-04FC-4B26-B45B-99AEE08211A1} = {6443C4C4-182D-4FAD-B680-6F36A01A32C1}
		{A197F41F-37A3-4AE2-9264-9A232F0C59BC} = {C82C79E9-27EC-446D-AB02-3D2F10CD75E2}
	EndGlobalSection
EndGlobal
